{
  "object": {
    "pins": [
      {
        "package": "CodableExtensions",
        "repositoryURL": "https://github.com/davidthorn/SwiftCodableExtensions.git",
        "state": {
          "branch": null,
          "revision": "27d11e3848130b0aaafc22b910d0ef5d37135f48",
          "version": "1.0.0"
        }
      },
      {
        "package": "DataRequest",
        "repositoryURL": "https://github.com/davidthorn/DataRequest.git",
        "state": {
          "branch": null,
          "revision": "4b54cb2a35c9dfbd84f36031866c0890a0d18f9c",
          "version": "2.0.3"
        }
      },
      {
        "package": "GitHubUser",
        "repositoryURL": "https://github.com/davidthorn/GitHubUser.git",
        "state": {
          "branch": null,
          "revision": "8b9c486f6bbb85326aa4c2f3d04a3e19e1b7235b",
          "version": "1.0.0"
        }
      },
      {
        "package": "GitHubUserUrls",
        "repositoryURL": "https://github.com/davidthorn/GitHubUserUrls.git",
        "state": {
          "branch": null,
          "revision": "6f8f537f83b57ec335f0eb3a8c294b0199e35bc9",
          "version": "0.1.1"
        }
      }
    ]
  },
  "version": 1
}
